{
  "name": "@payai/x402-next-starter",
  "version": "0.1.0",
  "lockfileVersion": 3,
  "requires": true,
  "packages": {
    "": {
      "name": "@payai/x402-next-starter",
      "version": "0.1.0",
      "license": "Apache-2.0",
      "bin": {
        "create-x402-next": "bin/create.js"
      },
      "engines": {
        "node": ">=18"
      }
    }
  }
}
